// !$*UTF8*$!
{
	archiveVersion = 1;
	classes = {
	};
	objectVersion = 46;
	objects = {

/* Begin PBXBuildFile section */
		159571921D20CD0A0036E9F7 /* AppDelegate.swift in Sources */ = {isa = PBXBuildFile; fileRef = 159571911D20CD0A0036E9F7 /* AppDelegate.swift */; };
		159571941D20CD0A0036E9F7 /* ViewController.swift in Sources */ = {isa = PBXBuildFile; fileRef = 159571931D20CD0A0036E9F7 /* ViewController.swift */; };
		159571971D20CD0A0036E9F7 /* Main.storyboard in Resources */ = {isa = PBXBuildFile; fileRef = 159571951D20CD0A0036E9F7 /* Main.storyboard */; };
		159571991D20CD0A0036E9F7 /* Assets.xcassets in Resources */ = {isa = PBXBuildFile; fileRef = 159571981D20CD0A0036E9F7 /* Assets.xcassets */; };
		1595719C1D20CD0A0036E9F7 /* LaunchScreen.storyboard in Resources */ = {isa = PBXBuildFile; fileRef = 1595719A1D20CD0A0036E9F7 /* LaunchScreen.storyboard */; };
		159571A71D20CD0A0036E9F7 /* new_calcuatorTests.swift in Sources */ = {isa = PBXBuildFile; fileRef = 159571A61D20CD0A0036E9F7 /* new_calcuatorTests.swift */; };
		159571B21D20CD0A0036E9F7 /* new_calcuatorUITests.swift in Sources */ = {isa = PBXBuildFile; fileRef = 159571B11D20CD0A0036E9F7 /* new_calcuatorUITests.swift */; };
/* End PBXBuildFile section */

/* Begin PBXContainerItemProxy section */
		159571A31D20CD0A0036E9F7 /* PBXContainerItemProxy */ = {
			isa = PBXContainerItemProxy;
			containerPortal = 159571861D20CD0A0036E9F7 /* Project object */;
			proxyType = 1;
			remoteGlobalIDString = 1595718D1D20CD0A0036E9F7;
			remoteInfo = "new calcuator";
		};
		159571AE1D20CD0A0036E9F7 /* PBXContainerItemProxy */ = {
			isa = PBXContainerItemProxy;
			containerPortal = 159571861D20CD0A0036E9F7 /* Project object */;
			proxyType = 1;
			remoteGlobalIDString = 1595718D1D20CD0A0036E9F7;
			remoteInfo = "new calcuator";
		};
/* End PBXContainerItemProxy section */

/* Begin PBXFileReference section */
		1595718E1D20CD0A0036E9F7 /* new calcuator.app */ = {isa = PBXFileReference; explicitFileType = wrapper.application; includeInIndex = 0; path = "new calcuator.app"; sourceTree = BUILT_PRODUCTS_DIR; };
		159571911D20CD0A0036E9F7 /* AppDelegate.swift */ = {isa = PBXFileReference; lastKnownFileType = sourcecode.swift; path = AppDelegate.swift; sourceTree = "<group>"; };
		159571931D20CD0A0036E9F7 /* ViewController.swift */ = {isa = PBXFileReference; lastKnownFileType = sourcecode.swift; path = ViewController.swift; sourceTree = "<group>"; };
		159571961D20CD0A0036E9F7 /* Base */ = {isa = PBXFileReference; lastKnownFileType = file.storyboard; name = Base; path = Base.lproj/Main.storyboard; sourceTree = "<group>"; };
		159571981D20CD0A0036E9F7 /* Assets.xcassets */ = {isa = PBXFileReference; lastKnownFileType = folder.assetcatalog; path = Assets.xcassets; sourceTree = "<group>"; };
		1595719B1D20CD0A0036E9F7 /* Base */ = {isa = PBXFileReference; lastKnownFileType = file.storyboard; name = Base; path = Base.lproj/LaunchScreen.storyboard; sourceTree = "<group>"; };
		1595719D1D20CD0A0036E9F7 /* Info.plist */ = {isa = PBXFileReference; lastKnownFileType = text.plist.xml; path = Info.plist; sourceTree = "<group>"; };
		159571A21D20CD0A0036E9F7 /* new calcuatorTests.xctest */ = {isa = PBXFileReference; explicitFileType = wrapper.cfbundle; includeInIndex = 0; path = "new calcuatorTests.xctest"; sourceTree = BUILT_PRODUCTS_DIR; };
		159571A61D20CD0A0036E9F7 /* new_calcuatorTests.swift */ = {isa = PBXFileReference; lastKnownFileType = sourcecode.swift; path = new_calcuatorTests.swift; sourceTree = "<group>"; };
		159571A81D20CD0A0036E9F7 /* Info.plist */ = {isa = PBXFileReference; lastKnownFileType = text.plist.xml; path = Info.plist; sourceTree = "<group>"; };
		159571AD1D20CD0A0036E9F7 /* new calcuatorUITests.xctest */ = {isa = PBXFileReference; explicitFileType = wrapper.cfbundle; includeInIndex = 0; path = "new calcuatorUITests.xctest"; sourceTree = BUILT_PRODUCTS_DIR; };
		159571B11D20CD0A0036E9F7 /* new_calcuatorUITests.swift */ = {isa = PBXFileReference; lastKnownFileType = sourcecode.swift; path = new_calcuatorUITests.swift; sourceTree = "<group>"; };
		159571B31D20CD0A0036E9F7 /* Info.plist */ = {isa = PBXFileReference; lastKnownFileType = text.plist.xml; path = Info.plist; sourceTree = "<group>"; };
/* End PBXFileReference section */

/* Begin PBXFrameworksBuildPhase section */
		1595718B1D20CD0A0036E9F7 /* Frameworks */ = {
			isa = PBXFrameworksBuildPhase;
			buildActionMask = 2147483647;
			files = (
			);
			runOnlyForDeploymentPostprocessing = 0;
		};
		1595719F1D20CD0A0036E9F7 /* Frameworks */ = {
			isa = PBXFrameworksBuildPhase;
			buildActionMask = 2147483647;
			files = (
			);
			runOnlyForDeploymentPostprocessing = 0;
		};
		159571AA1D20CD0A0036E9F7 /* Frameworks */ = {
			isa = PBXFrameworksBuildPhase;
			buildActionMask = 2147483647;
			files = (
			);
			runOnlyForDeploymentPostprocessing = 0;
		};
/* End PBXFrameworksBuildPhase section */

/* Begin PBXGroup section */
		159571851D20CD0A0036E9F7 = {
			isa = PBXGroup;
			children = (
				159571901D20CD0A0036E9F7 /* new calcuator */,
				159571A51D20CD0A0036E9F7 /* new calcuatorTests */,
				159571B01D20CD0A0036E9F7 /* new calcuatorUITests */,
				1595718F1D20CD0A0036E9F7 /* Products */,
			);
			sourceTree = "<group>";
		};
		1595718F1D20CD0A0036E9F7 /* Products */ = {
			isa = PBXGroup;
			children = (
				1595718E1D20CD0A0036E9F7 /* new calcuator.app */,
				159571A21D20CD0A0036E9F7 /* new calcuatorTests.xctest */,
				159571AD1D20CD0A0036E9F7 /* new calcuatorUITests.xctest */,
			);
			name = Products;
			sourceTree = "<group>";
		};
		159571901D20CD0A0036E9F7 /* new calcuator */ = {
			isa = PBXGroup;
			children = (
				159571911D20CD0A0036E9F7 /* AppDelegate.swift */,
				159571931D20CD0A0036E9F7 /* ViewController.swift */,
				159571951D20CD0A0036E9F7 /* Main.storyboard */,
				159571981D20CD0A0036E9F7 /* Assets.xcassets */,
				1595719A1D20CD0A0036E9F7 /* LaunchScreen.storyboard */,
				1595719D1D20CD0A0036E9F7 /* Info.plist */,
			);
			path = "new calcuator";
			sourceTree = "<group>";
		};
		159571A51D20CD0A0036E9F7 /* new calcuatorTests */ = {
			isa = PBXGroup;
			children = (
				159571A61D20CD0A0036E9F7 /* new_calcuatorTests.swift */,
				159571A81D20CD0A0036E9F7 /* Info.plist */,
			);
			path = "new calcuatorTests";
			sourceTree = "<group>";
		};
		159571B01D20CD0A0036E9F7 /* new calcuatorUITests */ = {
			isa = PBXGroup;
			children = (
				159571B11D20CD0A0036E9F7 /* new_calcuatorUITests.swift */,
				159571B31D20CD0A0036E9F7 /* Info.plist */,
			);
			path = "new calcuatorUITests";
			sourceTree = "<group>";
		};
/* End PBXGroup section */

/* Begin PBXNativeTarget section */
		1595718D1D20CD0A0036E9F7 /* new calcuator */ = {
			isa = PBXNativeTarget;
			buildConfigurationList = 159571B61D20CD0A0036E9F7 /* Build configuration list for PBXNativeTarget "new calcuator" */;
			buildPhases = (
				1595718A1D20CD0A0036E9F7 /* Sources */,
				1595718B1D20CD0A0036E9F7 /* Frameworks */,
				1595718C1D20CD0A0036E9F7 /* Resources */,
			);
			buildRules = (
			);
			dependencies = (
			);
			name = "new calcuator";
			productName = "new calcuator";
			productReference = 1595718E1D20CD0A0036E9F7 /* new calcuator.app */;
			productType = "com.apple.product-type.application";
		};
		159571A11D20CD0A0036E9F7 /* new calcuatorTests */ = {
			isa = PBXNativeTarget;
			buildConfigurationList = 159571B91D20CD0A0036E9F7 /* Build configuration list for PBXNativeTarget "new calcuatorTests" */;
			buildPhases = (
				1595719E1D20CD0A0036E9F7 /* Sources */,
				1595719F1D20CD0A0036E9F7 /* Frameworks */,
				159571A01D20CD0A0036E9F7 /* Resources */,
			);
			buildRules = (
			);
			dependencies = (
				159571A41D20CD0A0036E9F7 /* PBXTargetDependency */,
			);
			name = "new calcuatorTests";
			productName = "new calcuatorTests";
			productReference = 159571A21D20CD0A0036E9F7 /* new calcuatorTests.xctest */;
			productType = "com.apple.product-type.bundle.unit-test";
		};
		159571AC1D20CD0A0036E9F7 /* new calcuatorUITests */ = {
			isa = PBXNativeTarget;
			buildConfigurationList = 159571BC1D20CD0A0036E9F7 /* Build configuration list for PBXNativeTarget "new calcuatorUITests" */;
			buildPhases = (
				159571A91D20CD0A0036E9F7 /* Sources */,
				159571AA1D20CD0A0036E9F7 /* Frameworks */,
				159571AB1D20CD0A0036E9F7 /* Resources */,
			);
			buildRules = (
			);
			dependencies = (
				159571AF1D20CD0A0036E9F7 /* PBXTargetDependency */,
			);
			name = "new calcuatorUITests";
			productName = "new calcuatorUITests";
			productReference = 159571AD1D20CD0A0036E9F7 /* new calcuatorUITests.xctest */;
			productType = "com.apple.product-type.bundle.ui-testing";
		};
/* End PBXNativeTarget section */

/* Begin PBXProject section */
		159571861D20CD0A0036E9F7 /* Project object */ = {
			isa = PBXProject;
			attributes = {
				LastSwiftUpdateCheck = 0730;
				LastUpgradeCheck = 0730;
				ORGANIZATIONNAME = 20141105072;
				TargetAttributes = {
					1595718D1D20CD0A0036E9F7 = {
						CreatedOnToolsVersion = 7.3.1;
					};
					159571A11D20CD0A0036E9F7 = {
						CreatedOnToolsVersion = 7.3.1;
						TestTargetID = 1595718D1D20CD0A0036E9F7;
					};
					159571AC1D20CD0A0036E9F7 = {
						CreatedOnToolsVersion = 7.3.1;
						TestTargetID = 1595718D1D20CD0A0036E9F7;
					};
				};
			};
			buildConfigurationList = 159571891D20CD0A0036E9F7 /* Build configuration list for PBXProject "new calcuator" */;
			compatibilityVersion = "Xcode 3.2";
			developmentRegion = English;
			hasScannedForEncodings = 0;
			knownRegions = (
				en,
				Base,
			);
			mainGroup = 159571851D20CD0A0036E9F7;
			productRefGroup = 1595718F1D20CD0A0036E9F7 /* Products */;
			projectDirPath = "";
			projectRoot = "";
			targets = (
				1595718D1D20CD0A0036E9F7 /* new calcuator */,
				159571A11D20CD0A0036E9F7 /* new calcuatorTests */,
				159571AC1D20CD0A0036E9F7 /* new calcuatorUITests */,
			);
		};
/* End PBXProject section */

/* Begin PBXResourcesBuildPhase section */
		1595718C1D20CD0A0036E9F7 /* Resources */ = {
			isa = PBXResourcesBuildPhase;
			buildActionMask = 2147483647;
			files = (
				1595719C1D20CD0A0036E9F7 /* LaunchScreen.storyboard in Resources */,
				159571991D20CD0A0036E9F7 /* Assets.xcassets in Resources */,
				159571971D20CD0A0036E9F7 /* Main.storyboard in Resources */,
			);
			runOnlyForDeploymentPostprocessing = 0;
		};
		159571A01D20CD0A0036E9F7 /* Resources */ = {
			isa = PBXResourcesBuildPhase;
			buildActionMask = 2147483647;
			files = (
			);
			runOnlyForDeploymentPostprocessing = 0;
		};
		159571AB1D20CD0A0036E9F7 /* Resources */ = {
			isa = PBXResourcesBuildPhase;
			buildActionMask = 2147483647;
			files = (
			);
			runOnlyForDeploymentPostprocessing = 0;
		};
/* End PBXResourcesBuildPhase section */

/* Begin PBXSourcesBuildPhase section */
		1595718A1D20CD0A0036E9F7 /* Sources */ = {
			isa = PBXSourcesBuildPhase;
			buildActionMask = 2147483647;
			files = (
				159571941D20CD0A0036E9F7 /* ViewController.swift in Sources */,
				159571921D20CD0A0036E9F7 /* AppDelegate.swift in Sources */,
			);
			runOnlyForDeploymentPostprocessing = 0;
		};
		1595719E1D20CD0A0036E9F7 /* Sources */ = {
			isa = PBXSourcesBuildPhase;
			buildActionMask = 2147483647;
			files = (
				159571A71D20CD0A0036E9F7 /* new_calcuatorTests.swift in Sources */,
			);
			runOnlyForDeploymentPostprocessing = 0;
		};
		159571A91D20CD0A0036E9F7 /* Sources */ = {
			isa = PBXSourcesBuildPhase;
			buildActionMask = 2147483647;
			files = (
				159571B21D20CD0A0036E9F7 /* new_calcuatorUITests.swift in Sources */,
			);
			runOnlyForDeploymentPostprocessing = 0;
		};
/* End PBXSourcesBuildPhase section */

/* Begin PBXTargetDependency section */
		159571A41D20CD0A0036E9F7 /* PBXTargetDependency */ = {
			isa = PBXTargetDependency;
			target = 1595718D1D20CD0A0036E9F7 /* new calcuator */;
			targetProxy = 159571A31D20CD0A0036E9F7 /* PBXContainerItemProxy */;
		};
		159571AF1D20CD0A0036E9F7 /* PBXTargetDependency */ = {
			isa = PBXTargetDependency;
			target = 1595718D1D20CD0A0036E9F7 /* new calcuator */;
			targetProxy = 159571AE1D20CD0A0036E9F7 /* PBXContainerItemProxy */;
		};
/* End PBXTargetDependency section */

/* Begin PBXVariantGroup section */
		159571951D20CD0A0036E9F7 /* Main.storyboard */ = {
			isa = PBXVariantGroup;
			children = (
				159571961D20CD0A0036E9F7 /* Base */,
			);
			name = Main.storyboard;
			sourceTree = "<group>";
		};
		1595719A1D20CD0A0036E9F7 /* LaunchScreen.storyboard */ = {
			isa = PBXVariantGroup;
			children = (
				1595719B1D20CD0A0036E9F7 /* Base */,
			);
			name = LaunchScreen.storyboard;
			sourceTree = "<group>";
		};
/* End PBXVariantGroup section */

/* Begin XCBuildConfiguration section */
		159571B41D20CD0A0036E9F7 /* Debug */ = {
			isa = XCBuildConfiguration;
			buildSettings = {
				ALWAYS_SEARCH_USER_PATHS = NO;
				CLANG_ANALYZER_NONNULL = YES;
				CLANG_CXX_LANGUAGE_STANDARD = "gnu++0x";
				CLANG_CXX_LIBRARY = "libc++";
				CLANG_ENABLE_MODULES = YES;
				CLANG_ENABLE_OBJC_ARC = YES;
				CLANG_WARN_BOOL_CONVERSION = YES;
				CLANG_WARN_CONSTANT_CONVERSION = YES;
				CLANG_WARN_DIRECT_OBJC_ISA_USAGE = YES_ERROR;
				CLANG_WARN_EMPTY_BODY = YES;
				CLANG_WARN_ENUM_CONVERSION = YES;
				CLANG_WARN_INT_CONVERSION = YES;
				CLANG_WARN_OBJC_ROOT_CLASS = YES_ERROR;
				CLANG_WARN_UNREACHABLE_CODE = YES;
				CLANG_WARN__DUPLICATE_METHOD_MATCH = YES;
				"CODE_SIGN_IDENTITY[sdk=iphoneos*]" = "iPhone Developer";
				COPY_PHASE_STRIP = NO;
				DEBUG_INFORMATION_FORMAT = dwarf;
				ENABLE_STRICT_OBJC_MSGSEND = YES;
				ENABLE_TESTABILITY = YES;
				GCC_C_LANGUAGE_STANDARD = gnu99;
				GCC_DYNAMIC_NO_PIC = NO;
				GCC_NO_COMMON_BLOCKS = YES;
				GCC_OPTIMIZATION_LEVEL = 0;
				GCC_PREPROCESSOR_DEFINITIONS = (
					"DEBUG=1",
					"$(inherited)",
				);
				GCC_WARN_64_TO_32_BIT_CONVERSION = YES;
				GCC_WARN_ABOUT_RETURN_TYPE = YES_ERROR;
				GCC_WARN_UNDECLARED_SELECTOR = YES;
				GCC_WARN_UNINITIALIZED_AUTOS = YES_AGGRESSIVE;
				GCC_WARN_UNUSED_FUNCTION = YES;
				GCC_WARN_UNUSED_VARIABLE = YES;
				IPHONEOS_DEPLOYMENT_TARGET = 9.3;
				MTL_ENABLE_DEBUG_INFO = YES;
				ONLY_ACTIVE_ARCH = YES;
				SDKROOT = iphoneos;
				SWIFT_OPTIMIZATION_LEVEL = "-Onone";
				TARGETED_DEVICE_FAMILY = "1,2";
			};
			name = Debug;
		};
		159571B51D20CD0A0036E9F7 /* Release */ = {
			isa = XCBuildConfiguration;
			buildSettings = {
				ALWAYS_SEARCH_USER_PATHS = NO;
				CLANG_ANALYZER_NONNULL = YES;
				CLANG_CXX_LANGUAGE_STANDARD = "gnu++0x";
				CLANG_CXX_LIBRARY = "libc++";
				CLANG_ENABLE_MODULES = YES;
				CLANG_ENABLE_OBJC_ARC = YES;
				CLANG_WARN_BOOL_CONVERSION = YES;
				CLANG_WARN_CONSTANT_CONVERSION = YES;
				CLANG_WARN_DIRECT_OBJC_ISA_USAGE = YES_ERROR;
				CLANG_WARN_EMPTY_BODY = YES;
				CLANG_WARN_ENUM_CONVERSION = YES;
				CLANG_WARN_INT_CONVERSION = YES;
				CLANG_WARN_OBJC_ROOT_CLASS = YES_ERROR;
				CLANG_WARN_UNREACHABLE_CODE = YES;
				CLANG_WARN__DUPLICATE_METHOD_MATCH = YES;
				"CODE_SIGN_IDENTITY[sdk=iphoneos*]" = "iPhone Developer";
				COPY_PHASE_STRIP = NO;
				DEBUG_INFORMATION_FORMAT = "dwarf-with-dsym";
				ENABLE_NS_ASSERTIONS = NO;
				ENABLE_STRICT_OBJC_MSGSEND = YES;
				GCC_C_LANGUAGE_STANDARD = gnu99;
				GCC_NO_COMMON_BLOCKS = YES;
				GCC_WARN_64_TO_32_BIT_CONVERSION = YES;
				GCC_WARN_ABOUT_RETURN_TYPE = YES_ERROR;
				GCC_WARN_UNDECLARED_SELECTOR = YES;
				GCC_WARN_UNINITIALIZED_AUTOS = YES_AGGRESSIVE;
				GCC_WARN_UNUSED_FUNCTION = YES;
				GCC_WARN_UNUSED_VARIABLE = YES;
				IPHONEOS_DEPLOYMENT_TARGET = 9.3;
				MTL_ENABLE_DEBUG_INFO = NO;
				SDKROOT = iphoneos;
				TARGETED_DEVICE_FAMILY = "1,2";
				VALIDATE_PRODUCT = YES;
			};
			name = Release;
		};
		159571B71D20CD0A0036E9F7 /* Debug */ = {
			isa = XCBuildConfiguration;
			buildSettings = {
				ASSETCATALOG_COMPILER_APPICON_NAME = AppIcon;
				INFOPLIST_FILE = "new calcuator/Info.plist";
				LD_RUNPATH_SEARCH_PATHS = "$(inherited) @executable_path/Frameworks";
				PRODUCT_BUNDLE_IDENTIFIER = "-0141105072.new-calcuator";
				PRODUCT_NAME = "$(TARGET_NAME)";
				TARGETED_DEVICE_FAMILY = 1;
			};
			name = Debug;
		};
		159571B81D20CD0A0036E9F7 /* Release */ = {
			isa = XCBuildConfiguration;
			buildSettings = {
				ASSETCATALOG_COMPILER_APPICON_NAME = AppIcon;
				INFOPLIST_FILE = "new calcuator/Info.plist";
				LD_RUNPATH_SEARCH_PATHS = "$(inherited) @executable_path/Frameworks";
				PRODUCT_BUNDLE_IDENTIFIER = "-0141105072.new-calcuator";
				PRODUCT_NAME = "$(TARGET_NAME)";
				TARGETED_DEVICE_FAMILY = 1;
			};
			name = Release;
		};
		159571BA1D20CD0A0036E9F7 /* Debug */ = {
			isa = XCBuildConfiguration;
			buildSettings = {
				BUNDLE_LOADER = "$(TEST_HOST)";
				INFOPLIST_FILE = "new calcuatorTests/Info.plist";
				LD_RUNPATH_SEARCH_PATHS = "$(inherited) @executable_path/Frameworks @loader_path/Frameworks";
				PRODUCT_BUNDLE_IDENTIFIER = "-0141105072.new-calcuatorTests";
				PRODUCT_NAME = "$(TARGET_NAME)";
				TEST_HOST = "$(BUILT_PRODUCTS_DIR)/new calcuator.app/new calcuator";
			};
			name = Debug;
		};
		159571BB1D20CD0A0036E9F7 /* Release */ = {
			isa = XCBuildConfiguration;
			buildSettings = {
				BUNDLE_LOADER = "$(TEST_HOST)";
				INFOPLIST_FILE = "new calcuatorTests/Info.plist";
				LD_RUNPATH_SEARCH_PATHS = "$(inherited) @executable_path/Frameworks @loader_path/Frameworks";
				PRODUCT_BUNDLE_IDENTIFIER = "-0141105072.new-calcuatorTests";
				PRODUCT_NAME = "$(TARGET_NAME)";
				TEST_HOST = "$(BUILT_PRODUCTS_DIR)/new calcuator.app/new calcuator";
			};
			name = Release;
		};
		159571BD1D20CD0A0036E9F7 /* Debug */ = {
			isa = XCBuildConfiguration;
			buildSettings = {
				INFOPLIST_FILE = "new calcuatorUITests/Info.plist";
				LD_RUNPATH_SEARCH_PATHS = "$(inherited) @executable_path/Frameworks @loader_path/Frameworks";
				PRODUCT_BUNDLE_IDENTIFIER = "-0141105072.new-calcuatorUITests";
				PRODUCT_NAME = "$(TARGET_NAME)";
				TEST_TARGET_NAME = "new calcuator";
			};
			name = Debug;
		};
		159571BE1D20CD0A0036E9F7 /* Release */ = {
			isa = XCBuildConfiguration;
			buildSettings = {
				INFOPLIST_FILE = "new calcuatorUITests/Info.plist";
				LD_RUNPATH_SEARCH_PATHS = "$(inherited) @executable_path/Frameworks @loader_path/Frameworks";
				PRODUCT_BUNDLE_IDENTIFIER = "-0141105072.new-calcuatorUITests";
				PRODUCT_NAME = "$(TARGET_NAME)";
				TEST_TARGET_NAME = "new calcuator";
			};
			name = Release;
		};
/* End XCBuildConfiguration section */

/* Begin XCConfigurationList section */
		159571891D20CD0A0036E9F7 /* Build configuration list for PBXProject "new calcuator" */ = {
			isa = XCConfigurationList;
			buildConfigurations = (
				159571B41D20CD0A0036E9F7 /* Debug */,
				159571B51D20CD0A0036E9F7 /* Release */,
			);
			defaultConfigurationIsVisible = 0;
			defaultConfigurationName = Release;
		};
		159571B61D20CD0A0036E9F7 /* Build configuration list for PBXNativeTarget "new calcuator" */ = {
			isa = XCConfigurationList;
			buildConfigurations = (
				159571B71D20CD0A0036E9F7 /* Debug */,
				159571B81D20CD0A0036E9F7 /* Release */,
			);
			defaultConfigurationIsVisible = 0;
		};
		159571B91D20CD0A0036E9F7 /* Build configuration list for PBXNativeTarget "new calcuatorTests" */ = {
			isa = XCConfigurationList;
			buildConfigurations = (
				159571BA1D20CD0A0036E9F7 /* Debug */,
				159571BB1D20CD0A0036E9F7 /* Release */,
			);
			defaultConfigurationIsVisible = 0;
		};
		159571BC1D20CD0A0036E9F7 /* Build configuration list for PBXNativeTarget "new calcuatorUITests" */ = {
			isa = XCConfigurationList;
			buildConfigurations = (
				159571BD1D20CD0A0036E9F7 /* Debug */,
				159571BE1D20CD0A0036E9F7 /* Release */,
			);
			defaultConfigurationIsVisible = 0;
		};
/* End XCConfigurationList section */
	};
	rootObject = 159571861D20CD0A0036E9F7 /* Project object */;
}
